// !$*UTF8*$!
{
	archiveVersion = 1;
	classes = {
	};
	objectVersion = 56;
	objects = {

/* Begin PBXBuildFile section */
		14DD2CF7294C6237009A4C7F /* Calisma2App.swift in Sources */ = {isa = PBXBuildFile; fileRef = 14DD2CF6294C6237009A4C7F /* Calisma2App.swift */; };
		14DD2CF9294C6237009A4C7F /* ContentView.swift in Sources */ = {isa = PBXBuildFile; fileRef = 14DD2CF8294C6237009A4C7F /* ContentView.swift */; };
		14DD2CFB294C6238009A4C7F /* Assets.xcassets in Resources */ = {isa = PBXBuildFile; fileRef = 14DD2CFA294C6238009A4C7F /* Assets.xcassets */; };
		14DD2CFE294C6238009A4C7F /* Preview Assets.xcassets in Resources */ = {isa = PBXBuildFile; fileRef = 14DD2CFD294C6238009A4C7F /* Preview Assets.xcassets */; };
		14DD2D08294C6238009A4C7F /* Calisma2Tests.swift in Sources */ = {isa = PBXBuildFile; fileRef = 14DD2D07294C6238009A4C7F /* Calisma2Tests.swift */; };
		14DD2D12294C6238009A4C7F /* Calisma2UITests.swift in Sources */ = {isa = PBXBuildFile; fileRef = 14DD2D11294C6238009A4C7F /* Calisma2UITests.swift */; };
		14DD2D14294C6238009A4C7F /* Calisma2UITestsLaunchTests.swift in Sources */ = {isa = PBXBuildFile; fileRef = 14DD2D13294C6238009A4C7F /* Calisma2UITestsLaunchTests.swift */; };
/* End PBXBuildFile section */

/* Begin PBXContainerItemProxy section */
		14DD2D04294C6238009A4C7F /* PBXContainerItemProxy */ = {
			isa = PBXContainerItemProxy;
			containerPortal = 14DD2CEB294C6236009A4C7F /* Project object */;
			proxyType = 1;
			remoteGlobalIDString = 14DD2CF2294C6236009A4C7F;
			remoteInfo = Calisma2;
		};
		14DD2D0E294C6238009A4C7F /* PBXContainerItemProxy */ = {
			isa = PBXContainerItemProxy;
			containerPortal = 14DD2CEB294C6236009A4C7F /* Project object */;
			proxyType = 1;
			remoteGlobalIDString = 14DD2CF2294C6236009A4C7F;
			remoteInfo = Calisma2;
		};
/* End PBXContainerItemProxy section */

/* Begin PBXFileReference section */
		14DD2CF3294C6237009A4C7F /* Calisma2.app */ = {isa = PBXFileReference; explicitFileType = wrapper.application; includeInIndex = 0; path = Calisma2.app; sourceTree = BUILT_PRODUCTS_DIR; };
		14DD2CF6294C6237009A4C7F /* Calisma2App.swift */ = {isa = PBXFileReference; lastKnownFileType = sourcecode.swift; path = Calisma2App.swift; sourceTree = "<group>"; };
		14DD2CF8294C6237009A4C7F /* ContentView.swift */ = {isa = PBXFileReference; lastKnownFileType = sourcecode.swift; path = ContentView.swift; sourceTree = "<group>"; };
		14DD2CFA294C6238009A4C7F /* Assets.xcassets */ = {isa = PBXFileReference; lastKnownFileType = folder.assetcatalog; path = Assets.xcassets; sourceTree = "<group>"; };
		14DD2CFD294C6238009A4C7F /* Preview Assets.xcassets */ = {isa = PBXFileReference; lastKnownFileType = folder.assetcatalog; path = "Preview Assets.xcassets"; sourceTree = "<group>"; };
		14DD2D03294C6238009A4C7F /* Calisma2Tests.xctest */ = {isa = PBXFileReference; explicitFileType = wrapper.cfbundle; includeInIndex = 0; path = Calisma2Tests.xctest; sourceTree = BUILT_PRODUCTS_DIR; };
		14DD2D07294C6238009A4C7F /* Calisma2Tests.swift */ = {isa = PBXFileReference; lastKnownFileType = sourcecode.swift; path = Calisma2Tests.swift; sourceTree = "<group>"; };
		14DD2D0D294C6238009A4C7F /* Calisma2UITests.xctest */ = {isa = PBXFileReference; explicitFileType = wrapper.cfbundle; includeInIndex = 0; path = Calisma2UITests.xctest; sourceTree = BUILT_PRODUCTS_DIR; };
		14DD2D11294C6238009A4C7F /* Calisma2UITests.swift */ = {isa = PBXFileReference; lastKnownFileType = sourcecode.swift; path = Calisma2UITests.swift; sourceTree = "<group>"; };
		14DD2D13294C6238009A4C7F /* Calisma2UITestsLaunchTests.swift */ = {isa = PBXFileReference; lastKnownFileType = sourcecode.swift; path = Calisma2UITestsLaunchTests.swift; sourceTree = "<group>"; };
/* End PBXFileReference section */

/* Begin PBXFrameworksBuildPhase section */
		14DD2CF0294C6236009A4C7F /* Frameworks */ = {
			isa = PBXFrameworksBuildPhase;
			buildActionMask = 2147483647;
			files = (
			);
			runOnlyForDeploymentPostprocessing = 0;
		};
		14DD2D00294C6238009A4C7F /* Frameworks */ = {
			isa = PBXFrameworksBuildPhase;
			buildActionMask = 2147483647;
			files = (
			);
			runOnlyForDeploymentPostprocessing = 0;
		};
		14DD2D0A294C6238009A4C7F /* Frameworks */ = {
			isa = PBXFrameworksBuildPhase;
			buildActionMask = 2147483647;
			files = (
			);
			runOnlyForDeploymentPostprocessing = 0;
		};
/* End PBXFrameworksBuildPhase section */

/* Begin PBXGroup section */
		14DD2CEA294C6236009A4C7F = {
			isa = PBXGroup;
			children = (
				14DD2CF5294C6237009A4C7F /* Calisma2 */,
				14DD2D06294C6238009A4C7F /* Calisma2Tests */,
				14DD2D10294C6238009A4C7F /* Calisma2UITests */,
				14DD2CF4294C6237009A4C7F /* Products */,
			);
			sourceTree = "<group>";
		};
		14DD2CF4294C6237009A4C7F /* Products */ = {
			isa = PBXGroup;
			children = (
				14DD2CF3294C6237009A4C7F /* Calisma2.app */,
				14DD2D03294C6238009A4C7F /* Calisma2Tests.xctest */,
				14DD2D0D294C6238009A4C7F /* Calisma2UITests.xctest */,
			);
			name = Products;
			sourceTree = "<group>";
		};
		14DD2CF5294C6237009A4C7F /* Calisma2 */ = {
			isa = PBXGroup;
			children = (
				14DD2CF6294C6237009A4C7F /* Calisma2App.swift */,
				14DD2CF8294C6237009A4C7F /* ContentView.swift */,
				14DD2CFA294C6238009A4C7F /* Assets.xcassets */,
				14DD2CFC294C6238009A4C7F /* Preview Content */,
			);
			path = Calisma2;
			sourceTree = "<group>";
		};
		14DD2CFC294C6238009A4C7F /* Preview Content */ = {
			isa = PBXGroup;
			children = (
				14DD2CFD294C6238009A4C7F /* Preview Assets.xcassets */,
			);
			path = "Preview Content";
			sourceTree = "<group>";
		};
		14DD2D06294C6238009A4C7F /* Calisma2Tests */ = {
			isa = PBXGroup;
			children = (
				14DD2D07294C6238009A4C7F /* Calisma2Tests.swift */,
			);
			path = Calisma2Tests;
			sourceTree = "<group>";
		};
		14DD2D10294C6238009A4C7F /* Calisma2UITests */ = {
			isa = PBXGroup;
			children = (
				14DD2D11294C6238009A4C7F /* Calisma2UITests.swift */,
				14DD2D13294C6238009A4C7F /* Calisma2UITestsLaunchTests.swift */,
			);
			path = Calisma2UITests;
			sourceTree = "<group>";
		};
/* End PBXGroup section */

/* Begin PBXNativeTarget section */
		14DD2CF2294C6236009A4C7F /* Calisma2 */ = {
			isa = PBXNativeTarget;
			buildConfigurationList = 14DD2D17294C6238009A4C7F /* Build configuration list for PBXNativeTarget "Calisma2" */;
			buildPhases = (
				14DD2CEF294C6236009A4C7F /* Sources */,
				14DD2CF0294C6236009A4C7F /* Frameworks */,
				14DD2CF1294C6236009A4C7F /* Resources */,
			);
			buildRules = (
			);
			dependencies = (
			);
			name = Calisma2;
			productName = Calisma2;
			productReference = 14DD2CF3294C6237009A4C7F /* Calisma2.app */;
			productType = "com.apple.product-type.application";
		};
		14DD2D02294C6238009A4C7F /* Calisma2Tests */ = {
			isa = PBXNativeTarget;
			buildConfigurationList = 14DD2D1A294C6238009A4C7F /* Build configuration list for PBXNativeTarget "Calisma2Tests" */;
			buildPhases = (
				14DD2CFF294C6238009A4C7F /* Sources */,
				14DD2D00294C6238009A4C7F /* Frameworks */,
				14DD2D01294C6238009A4C7F /* Resources */,
			);
			buildRules = (
			);
			dependencies = (
				14DD2D05294C6238009A4C7F /* PBXTargetDependency */,
			);
			name = Calisma2Tests;
			productName = Calisma2Tests;
			productReference = 14DD2D03294C6238009A4C7F /* Calisma2Tests.xctest */;
			productType = "com.apple.product-type.bundle.unit-test";
		};
		14DD2D0C294C6238009A4C7F /* Calisma2UITests */ = {
			isa = PBXNativeTarget;
			buildConfigurationList = 14DD2D1D294C6238009A4C7F /* Build configuration list for PBXNativeTarget "Calisma2UITests" */;
			buildPhases = (
				14DD2D09294C6238009A4C7F /* Sources */,
				14DD2D0A294C6238009A4C7F /* Frameworks */,
				14DD2D0B294C6238009A4C7F /* Resources */,
			);
			buildRules = (
			);
			dependencies = (
				14DD2D0F294C6238009A4C7F /* PBXTargetDependency */,
			);
			name = Calisma2UITests;
			productName = Calisma2UITests;
			productReference = 14DD2D0D294C6238009A4C7F /* Calisma2UITests.xctest */;
			productType = "com.apple.product-type.bundle.ui-testing";
		};
/* End PBXNativeTarget section */

/* Begin PBXProject section */
		14DD2CEB294C6236009A4C7F /* Project object */ = {
			isa = PBXProject;
			attributes = {
				BuildIndependentTargetsInParallel = 1;
				LastSwiftUpdateCheck = 1410;
				LastUpgradeCheck = 1410;
				TargetAttributes = {
					14DD2CF2294C6236009A4C7F = {
						CreatedOnToolsVersion = 14.1;
					};
					14DD2D02294C6238009A4C7F = {
						CreatedOnToolsVersion = 14.1;
						TestTargetID = 14DD2CF2294C6236009A4C7F;
					};
					14DD2D0C294C6238009A4C7F = {
						CreatedOnToolsVersion = 14.1;
						TestTargetID = 14DD2CF2294C6236009A4C7F;
					};
				};
			};
			buildConfigurationList = 14DD2CEE294C6236009A4C7F /* Build configuration list for PBXProject "Calisma2" */;
			compatibilityVersion = "Xcode 14.0";
			developmentRegion = en;
			hasScannedForEncodings = 0;
			knownRegions = (
				en,
				Base,
			);
			mainGroup = 14DD2CEA294C6236009A4C7F;
			productRefGroup = 14DD2CF4294C6237009A4C7F /* Products */;
			projectDirPath = "";
			projectRoot = "";
			targets = (
				14DD2CF2294C6236009A4C7F /* Calisma2 */,
				14DD2D02294C6238009A4C7F /* Calisma2Tests */,
				14DD2D0C294C6238009A4C7F /* Calisma2UITests */,
			);
		};
/* End PBXProject section */

/* Begin PBXResourcesBuildPhase section */
		14DD2CF1294C6236009A4C7F /* Resources */ = {
			isa = PBXResourcesBuildPhase;
			buildActionMask = 2147483647;
			files = (
				14DD2CFE294C6238009A4C7F /* Preview Assets.xcassets in Resources */,
				14DD2CFB294C6238009A4C7F /* Assets.xcassets in Resources */,
			);
			runOnlyForDeploymentPostprocessing = 0;
		};
		14DD2D01294C6238009A4C7F /* Resources */ = {
			isa = PBXResourcesBuildPhase;
			buildActionMask = 2147483647;
			files = (
			);
			runOnlyForDeploymentPostprocessing = 0;
		};
		14DD2D0B294C6238009A4C7F /* Resources */ = {
			isa = PBXResourcesBuildPhase;
			buildActionMask = 2147483647;
			files = (
			);
			runOnlyForDeploymentPostprocessing = 0;
		};
/* End PBXResourcesBuildPhase section */

/* Begin PBXSourcesBuildPhase section */
		14DD2CEF294C6236009A4C7F /* Sources */ = {
			isa = PBXSourcesBuildPhase;
			buildActionMask = 2147483647;
			files = (
				14DD2CF9294C6237009A4C7F /* ContentView.swift in Sources */,
				14DD2CF7294C6237009A4C7F /* Calisma2App.swift in Sources */,
			);
			runOnlyForDeploymentPostprocessing = 0;
		};
		14DD2CFF294C6238009A4C7F /* Sources */ = {
			isa = PBXSourcesBuildPhase;
			buildActionMask = 2147483647;
			files = (
				14DD2D08294C6238009A4C7F /* Calisma2Tests.swift in Sources */,
			);
			runOnlyForDeploymentPostprocessing = 0;
		};
		14DD2D09294C6238009A4C7F /* Sources */ = {
			isa = PBXSourcesBuildPhase;
			buildActionMask = 2147483647;
			files = (
				14DD2D14294C6238009A4C7F /* Calisma2UITestsLaunchTests.swift in Sources */,
				14DD2D12294C6238009A4C7F /* Calisma2UITests.swift in Sources */,
			);
			runOnlyForDeploymentPostprocessing = 0;
		};
/* End PBXSourcesBuildPhase section */

/* Begin PBXTargetDependency section */
		14DD2D05294C6238009A4C7F /* PBXTargetDependency */ = {
			isa = PBXTargetDependency;
			target = 14DD2CF2294C6236009A4C7F /* Calisma2 */;
			targetProxy = 14DD2D04294C6238009A4C7F /* PBXContainerItemProxy */;
		};
		14DD2D0F294C6238009A4C7F /* PBXTargetDependency */ = {
			isa = PBXTargetDependency;
			target = 14DD2CF2294C6236009A4C7F /* Calisma2 */;
			targetProxy = 14DD2D0E294C6238009A4C7F /* PBXContainerItemProxy */;
		};
/* End PBXTargetDependency section */

/* Begin XCBuildConfiguration section */
		14DD2D15294C6238009A4C7F /* Debug */ = {
			isa = XCBuildConfiguration;
			buildSettings = {
				ALWAYS_SEARCH_USER_PATHS = NO;
				CLANG_ANALYZER_NONNULL = YES;
				CLANG_ANALYZER_NUMBER_OBJECT_CONVERSION = YES_AGGRESSIVE;
				CLANG_CXX_LANGUAGE_STANDARD = "gnu++20";
				CLANG_ENABLE_MODULES = YES;
				CLANG_ENABLE_OBJC_ARC = YES;
				CLANG_ENABLE_OBJC_WEAK = YES;
				CLANG_WARN_BLOCK_CAPTURE_AUTORELEASING = YES;
				CLANG_WARN_BOOL_CONVERSION = YES;
				CLANG_WARN_COMMA = YES;
				CLANG_WARN_CONSTANT_CONVERSION = YES;
				CLANG_WARN_DEPRECATED_OBJC_IMPLEMENTATIONS = YES;
				CLANG_WARN_DIRECT_OBJC_ISA_USAGE = YES_ERROR;
				CLANG_WARN_DOCUMENTATION_COMMENTS = YES;
				CLANG_WARN_EMPTY_BODY = YES;
				CLANG_WARN_ENUM_CONVERSION = YES;
				CLANG_WARN_INFINITE_RECURSION = YES;
				CLANG_WARN_INT_CONVERSION = YES;
				CLANG_WARN_NON_LITERAL_NULL_CONVERSION = YES;
				CLANG_WARN_OBJC_IMPLICIT_RETAIN_SELF = YES;
				CLANG_WARN_OBJC_LITERAL_CONVERSION = YES;
				CLANG_WARN_OBJC_ROOT_CLASS = YES_ERROR;
				CLANG_WARN_QUOTED_INCLUDE_IN_FRAMEWORK_HEADER = YES;
				CLANG_WARN_RANGE_LOOP_ANALYSIS = YES;
				CLANG_WARN_STRICT_PROTOTYPES = YES;
				CLANG_WARN_SUSPICIOUS_MOVE = YES;
				CLANG_WARN_UNGUARDED_AVAILABILITY = YES_AGGRESSIVE;
				CLANG_WARN_UNREACHABLE_CODE = YES;
				CLANG_WARN__DUPLICATE_METHOD_MATCH = YES;
				COPY_PHASE_STRIP = NO;
				DEBUG_INFORMATION_FORMAT = dwarf;
				ENABLE_STRICT_OBJC_MSGSEND = YES;
				ENABLE_TESTABILITY = YES;
				GCC_C_LANGUAGE_STANDARD = gnu11;
				GCC_DYNAMIC_NO_PIC = NO;
				GCC_NO_COMMON_BLOCKS = YES;
				GCC_OPTIMIZATION_LEVEL = 0;
				GCC_PREPROCESSOR_DEFINITIONS = (
					"DEBUG=1",
					"$(inherited)",
				);
				GCC_WARN_64_TO_32_BIT_CONVERSION = YES;
				GCC_WARN_ABOUT_RETURN_TYPE = YES_ERROR;
				GCC_WARN_UNDECLARED_SELECTOR = YES;
				GCC_WARN_UNINITIALIZED_AUTOS = YES_AGGRESSIVE;
				GCC_WARN_UNUSED_FUNCTION = YES;
				GCC_WARN_UNUSED_VARIABLE = YES;
				IPHONEOS_DEPLOYMENT_TARGET = 16.1;
				MTL_ENABLE_DEBUG_INFO = INCLUDE_SOURCE;
				MTL_FAST_MATH = YES;
				ONLY_ACTIVE_ARCH = YES;
				SDKROOT = iphoneos;
				SWIFT_ACTIVE_COMPILATION_CONDITIONS = DEBUG;
				SWIFT_OPTIMIZATION_LEVEL = "-Onone";
			};
			name = Debug;
		};
		14DD2D16294C6238009A4C7F /* Release */ = {
			isa = XCBuildConfiguration;
			buildSettings = {
				ALWAYS_SEARCH_USER_PATHS = NO;
				CLANG_ANALYZER_NONNULL = YES;
				CLANG_ANALYZER_NUMBER_OBJECT_CONVERSION = YES_AGGRESSIVE;
				CLANG_CXX_LANGUAGE_STANDARD = "gnu++20";
				CLANG_ENABLE_MODULES = YES;
				CLANG_ENABLE_OBJC_ARC = YES;
				CLANG_ENABLE_OBJC_WEAK = YES;
				CLANG_WARN_BLOCK_CAPTURE_AUTORELEASING = YES;
				CLANG_WARN_BOOL_CONVERSION = YES;
				CLANG_WARN_COMMA = YES;
				CLANG_WARN_CONSTANT_CONVERSION = YES;
				CLANG_WARN_DEPRECATED_OBJC_IMPLEMENTATIONS = YES;
				CLANG_WARN_DIRECT_OBJC_ISA_USAGE = YES_ERROR;
				CLANG_WARN_DOCUMENTATION_COMMENTS = YES;
				CLANG_WARN_EMPTY_BODY = YES;
				CLANG_WARN_ENUM_CONVERSION = YES;
				CLANG_WARN_INFINITE_RECURSION = YES;
				CLANG_WARN_INT_CONVERSION = YES;
				CLANG_WARN_NON_LITERAL_NULL_CONVERSION = YES;
				CLANG_WARN_OBJC_IMPLICIT_RETAIN_SELF = YES;
				CLANG_WARN_OBJC_LITERAL_CONVERSION = YES;
				CLANG_WARN_OBJC_ROOT_CLASS = YES_ERROR;
				CLANG_WARN_QUOTED_INCLUDE_IN_FRAMEWORK_HEADER = YES;
				CLANG_WARN_RANGE_LOOP_ANALYSIS = YES;
				CLANG_WARN_STRICT_PROTOTYPES = YES;
				CLANG_WARN_SUSPICIOUS_MOVE = YES;
				CLANG_WARN_UNGUARDED_AVAILABILITY = YES_AGGRESSIVE;
				CLANG_WARN_UNREACHABLE_CODE = YES;
				CLANG_WARN__DUPLICATE_METHOD_MATCH = YES;
				COPY_PHASE_STRIP = NO;
				DEBUG_INFORMATION_FORMAT = "dwarf-with-dsym";
				ENABLE_NS_ASSERTIONS = NO;
				ENABLE_STRICT_OBJC_MSGSEND = YES;
				GCC_C_LANGUAGE_STANDARD = gnu11;
				GCC_NO_COMMON_BLOCKS = YES;
				GCC_WARN_64_TO_32_BIT_CONVERSION = YES;
				GCC_WARN_ABOUT_RETURN_TYPE = YES_ERROR;
				GCC_WARN_UNDECLARED_SELECTOR = YES;
				GCC_WARN_UNINITIALIZED_AUTOS = YES_AGGRESSIVE;
				GCC_WARN_UNUSED_FUNCTION = YES;
				GCC_WARN_UNUSED_VARIABLE = YES;
				IPHONEOS_DEPLOYMENT_TARGET = 16.1;
				MTL_ENABLE_DEBUG_INFO = NO;
				MTL_FAST_MATH = YES;
				SDKROOT = iphoneos;
				SWIFT_COMPILATION_MODE = wholemodule;
				SWIFT_OPTIMIZATION_LEVEL = "-O";
				VALIDATE_PRODUCT = YES;
			};
			name = Release;
		};
		14DD2D18294C6238009A4C7F /* Debug */ = {
			isa = XCBuildConfiguration;
			buildSettings = {
				ASSETCATALOG_COMPILER_APPICON_NAME = AppIcon;
				ASSETCATALOG_COMPILER_GLOBAL_ACCENT_COLOR_NAME = AccentColor;
				CODE_SIGN_STYLE = Automatic;
				CURRENT_PROJECT_VERSION = 1;
				DEVELOPMENT_ASSET_PATHS = "\"Calisma2/Preview Content\"";
				ENABLE_PREVIEWS = YES;
				GENERATE_INFOPLIST_FILE = YES;
				INFOPLIST_KEY_UIApplicationSceneManifest_Generation = YES;
				INFOPLIST_KEY_UIApplicationSupportsIndirectInputEvents = YES;
				INFOPLIST_KEY_UILaunchScreen_Generation = YES;
				INFOPLIST_KEY_UISupportedInterfaceOrientations_iPad = "UIInterfaceOrientationPortrait UIInterfaceOrientationPortraitUpsideDown UIInterfaceOrientationLandscapeLeft UIInterfaceOrientationLandscapeRight";
				INFOPLIST_KEY_UISupportedInterfaceOrientations_iPhone = "UIInterfaceOrientationPortrait UIInterfaceOrientationLandscapeLeft UIInterfaceOrientationLandscapeRight";
				LD_RUNPATH_SEARCH_PATHS = (
					"$(inherited)",
					"@executable_path/Frameworks",
				);
				MARKETING_VERSION = 1.0;
				PRODUCT_BUNDLE_IDENTIFIER = com.OzokCo.Calisma2;
				PRODUCT_NAME = "$(TARGET_NAME)";
				SWIFT_EMIT_LOC_STRINGS = YES;
				SWIFT_VERSION = 5.0;
				TARGETED_DEVICE_FAMILY = "1,2";
			};
			name = Debug;
		};
		14DD2D19294C6238009A4C7F /* Release */ = {
			isa = XCBuildConfiguration;
			buildSettings = {
				ASSETCATALOG_COMPILER_APPICON_NAME = AppIcon;
				ASSETCATALOG_COMPILER_GLOBAL_ACCENT_COLOR_NAME = AccentColor;
				CODE_SIGN_STYLE = Automatic;
				CURRENT_PROJECT_VERSION = 1;
				DEVELOPMENT_ASSET_PATHS = "\"Calisma2/Preview Content\"";
				ENABLE_PREVIEWS = YES;
				GENERATE_INFOPLIST_FILE = YES;
				INFOPLIST_KEY_UIApplicationSceneManifest_Generation = YES;
				INFOPLIST_KEY_UIApplicationSupportsIndirectInputEvents = YES;
				INFOPLIST_KEY_UILaunchScreen_Generation = YES;
				INFOPLIST_KEY_UISupportedInterfaceOrientations_iPad = "UIInterfaceOrientationPortrait UIInterfaceOrientationPortraitUpsideDown UIInterfaceOrientationLandscapeLeft UIInterfaceOrientationLandscapeRight";
				INFOPLIST_KEY_UISupportedInterfaceOrientations_iPhone = "UIInterfaceOrientationPortrait UIInterfaceOrientationLandscapeLeft UIInterfaceOrientationLandscapeRight";
				LD_RUNPATH_SEARCH_PATHS = (
					"$(inherited)",
					"@executable_path/Frameworks",
				);
				MARKETING_VERSION = 1.0;
				PRODUCT_BUNDLE_IDENTIFIER = com.OzokCo.Calisma2;
				PRODUCT_NAME = "$(TARGET_NAME)";
				SWIFT_EMIT_LOC_STRINGS = YES;
				SWIFT_VERSION = 5.0;
				TARGETED_DEVICE_FAMILY = "1,2";
			};
			name = Release;
		};
		14DD2D1B294C6238009A4C7F /* Debug */ = {
			isa = XCBuildConfiguration;
			buildSettings = {
				ALWAYS_EMBED_SWIFT_STANDARD_LIBRARIES = YES;
				BUNDLE_LOADER = "$(TEST_HOST)";
				CODE_SIGN_STYLE = Automatic;
				CURRENT_PROJECT_VERSION = 1;
				GENERATE_INFOPLIST_FILE = YES;
				IPHONEOS_DEPLOYMENT_TARGET = 16.1;
				MARKETING_VERSION = 1.0;
				PRODUCT_BUNDLE_IDENTIFIER = com.OzokCo.Calisma2Tests;
				PRODUCT_NAME = "$(TARGET_NAME)";
				SWIFT_EMIT_LOC_STRINGS = NO;
				SWIFT_VERSION = 5.0;
				TARGETED_DEVICE_FAMILY = "1,2";
				TEST_HOST = "$(BUILT_PRODUCTS_DIR)/Calisma2.app/$(BUNDLE_EXECUTABLE_FOLDER_PATH)/Calisma2";
			};
			name = Debug;
		};
		14DD2D1C294C6238009A4C7F /* Release */ = {
			isa = XCBuildConfiguration;
			buildSettings = {
				ALWAYS_EMBED_SWIFT_STANDARD_LIBRARIES = YES;
				BUNDLE_LOADER = "$(TEST_HOST)";
				CODE_SIGN_STYLE = Automatic;
				CURRENT_PROJECT_VERSION = 1;
				GENERATE_INFOPLIST_FILE = YES;
				IPHONEOS_DEPLOYMENT_TARGET = 16.1;
				MARKETING_VERSION = 1.0;
				PRODUCT_BUNDLE_IDENTIFIER = com.OzokCo.Calisma2Tests;
				PRODUCT_NAME = "$(TARGET_NAME)";
				SWIFT_EMIT_LOC_STRINGS = NO;
				SWIFT_VERSION = 5.0;
				TARGETED_DEVICE_FAMILY = "1,2";
				TEST_HOST = "$(BUILT_PRODUCTS_DIR)/Calisma2.app/$(BUNDLE_EXECUTABLE_FOLDER_PATH)/Calisma2";
			};
			name = Release;
		};
		14DD2D1E294C6238009A4C7F /* Debug */ = {
			isa = XCBuildConfiguration;
			buildSettings = {
				ALWAYS_EMBED_SWIFT_STANDARD_LIBRARIES = YES;
				CODE_SIGN_STYLE = Automatic;
				CURRENT_PROJECT_VERSION = 1;
				GENERATE_INFOPLIST_FILE = YES;
				MARKETING_VERSION = 1.0;
				PRODUCT_BUNDLE_IDENTIFIER = com.OzokCo.Calisma2UITests;
				PRODUCT_NAME = "$(TARGET_NAME)";
				SWIFT_EMIT_LOC_STRINGS = NO;
				SWIFT_VERSION = 5.0;
				TARGETED_DEVICE_FAMILY = "1,2";
				TEST_TARGET_NAME = Calisma2;
			};
			name = Debug;
		};
		14DD2D1F294C6238009A4C7F /* Release */ = {
			isa = XCBuildConfiguration;
			buildSettings = {
				ALWAYS_EMBED_SWIFT_STANDARD_LIBRARIES = YES;
				CODE_SIGN_STYLE = Automatic;
				CURRENT_PROJECT_VERSION = 1;
				GENERATE_INFOPLIST_FILE = YES;
				MARKETING_VERSION = 1.0;
				PRODUCT_BUNDLE_IDENTIFIER = com.OzokCo.Calisma2UITests;
				PRODUCT_NAME = "$(TARGET_NAME)";
				SWIFT_EMIT_LOC_STRINGS = NO;
				SWIFT_VERSION = 5.0;
				TARGETED_DEVICE_FAMILY = "1,2";
				TEST_TARGET_NAME = Calisma2;
			};
			name = Release;
		};
/* End XCBuildConfiguration section */

/* Begin XCConfigurationList section */
		14DD2CEE294C6236009A4C7F /* Build configuration list for PBXProject "Calisma2" */ = {
			isa = XCConfigurationList;
			buildConfigurations = (
				14DD2D15294C6238009A4C7F /* Debug */,
				14DD2D16294C6238009A4C7F /* Release */,
			);
			defaultConfigurationIsVisible = 0;
			defaultConfigurationName = Release;
		};
		14DD2D17294C6238009A4C7F /* Build configuration list for PBXNativeTarget "Calisma2" */ = {
			isa = XCConfigurationList;
			buildConfigurations = (
				14DD2D18294C6238009A4C7F /* Debug */,
				14DD2D19294C6238009A4C7F /* Release */,
			);
			defaultConfigurationIsVisible = 0;
			defaultConfigurationName = Release;
		};
		14DD2D1A294C6238009A4C7F /* Build configuration list for PBXNativeTarget "Calisma2Tests" */ = {
			isa = XCConfigurationList;
			buildConfigurations = (
				14DD2D1B294C6238009A4C7F /* Debug */,
				14DD2D1C294C6238009A4C7F /* Release */,
			);
			defaultConfigurationIsVisible = 0;
			defaultConfigurationName = Release;
		};
		14DD2D1D294C6238009A4C7F /* Build configuration list for PBXNativeTarget "Calisma2UITests" */ = {
			isa = XCConfigurationList;
			buildConfigurations = (
				14DD2D1E294C6238009A4C7F /* Debug */,
				14DD2D1F294C6238009A4C7F /* Release */,
			);
			defaultConfigurationIsVisible = 0;
			defaultConfigurationName = Release;
		};
/* End XCConfigurationList section */
	};
	rootObject = 14DD2CEB294C6236009A4C7F /* Project object */;
}
